
Microsoft Visual Studio Solution File, Format Version 12.00
# Visual Studio Version 16
VisualStudioVersion = 16.0.31129.286
MinimumVisualStudioVersion = 10.0.40219.1
Project("{FAE04EC0-301F-11D3-BF4B-00C04F79EFBC}") = "project0624_serial통신", "project0624\project0624_serial통신.csproj", "{9B3380C3-7F12-4036-AEF2-9FF4158EBA03}"
EndProject
Global
	GlobalSection(SolutionConfigurationPlatforms) = preSolution
		Debug|Any CPU = Debug|Any CPU
		Release|Any CPU = Release|Any CPU
	EndGlobalSection
	GlobalSection(ProjectConfigurationPlatforms) = postSolution
		{9B3380C3-7F12-4036-AEF2-9FF4158EBA03}.Debug|Any CPU.ActiveCfg = Debug|Any CPU
		{9B3380C3-7F12-4036-AEF2-9FF4158EBA03}.Debug|Any CPU.Build.0 = Debug|Any CPU
		{9B3380C3-7F12-4036-AEF2-9FF4158EBA03}.Release|Any CPU.ActiveCfg = Release|Any CPU
		{9B3380C3-7F12-4036-AEF2-9FF4158EBA03}.Release|Any CPU.Build.0 = Release|Any CPU
	EndGlobalSection
	GlobalSection(SolutionProperties) = preSolution
		HideSolutionNode = FALSE
	EndGlobalSection
	GlobalSection(ExtensibilityGlobals) = postSolution
		SolutionGuid = {C6245C41-59A7-46C1-BFE7-48517F190371}
	EndGlobalSection
EndGlobal
